
Microsoft Visual Studio Solution File, Format Version 12.00
# Visual Studio Version 17
VisualStudioVersion = 17.12.35527.113
MinimumVisualStudioVersion = 10.0.40219.1
Project("{FAE04EC0-301F-11D3-BF4B-00C04F79EFBC}") = "PrvaAplikacija", "PrvaAplikacija\PrvaAplikacija.csproj", "{FF9AF206-3D8C-4E04-8AAF-CCD5A695014A}"
EndProject
Project("{FAE04EC0-301F-11D3-BF4B-00C04F79EFBC}") = "Varijable", "Varijable\Varijable.csproj", "{22FFAB98-7855-4438-A216-2D4610B1F81F}"
EndProject
Project("{FAE04EC0-301F-11D3-BF4B-00C04F79EFBC}") = "OpsegPovrsinaKruga", "OpsegPovrsinaKruga\OpsegPovrsinaKruga.csproj", "{9DAB5B02-45A6-4717-B593-DAF901010A9A}"
EndProject
Project("{FAE04EC0-301F-11D3-BF4B-00C04F79EFBC}") = "Podatkovni_Tipovi", "Podatkovni_Tipovi\Podatkovni_Tipovi.csproj", "{7FACC60D-7015-439B-82DD-398253C6EBCC}"
EndProject
Project("{FAE04EC0-301F-11D3-BF4B-00C04F79EFBC}") = "Operatori", "Operatori\Operatori.csproj", "{33C878A9-31C0-49A7-BFF3-1380984C9272}"
EndProject
Project("{FAE04EC0-301F-11D3-BF4B-00C04F79EFBC}") = "Trokut", "Trokut\Trokut.csproj", "{F419890B-CCC3-41F0-9D70-477A7C86A8DC}"
EndProject
Project("{FAE04EC0-301F-11D3-BF4B-00C04F79EFBC}") = "GrananjeIF", "GrananjeIF\GrananjeIF.csproj", "{82B4FD57-A245-4F74-B5E2-13DBF164B4AB}"
EndProject
Project("{FAE04EC0-301F-11D3-BF4B-00C04F79EFBC}") = "Pumpa", "Pumpa\Pumpa.csproj", "{34A1588D-4EA4-487C-A354-5ECFEE56E020}"
EndProject
Project("{FAE04EC0-301F-11D3-BF4B-00C04F79EFBC}") = "GrananjeIF_ELSE", "GrananjeIF_ELSE\GrananjeIF_ELSE.csproj", "{76B133CF-2DC6-4160-805D-C75042D30408}"
EndProject
Project("{FAE04EC0-301F-11D3-BF4B-00C04F79EFBC}") = "KvadratnaJednadzba", "KvadratnaJednadzba\KvadratnaJednadzba.csproj", "{4B52E452-DD3C-4DB0-A707-14FDD64A1808}"
EndProject
Project("{FAE04EC0-301F-11D3-BF4B-00C04F79EFBC}") = "GrananjeUgnjezdjeno", "GrananjeUgnjezdjeno\GrananjeUgnjezdjeno.csproj", "{BBEF29A7-3EB7-4BF6-849C-99096161B787}"
EndProject
Project("{FAE04EC0-301F-11D3-BF4B-00C04F79EFBC}") = "OcjeneIF", "OcjeneIF\OcjeneIF.csproj", "{EFB170E9-9414-422C-BBF6-0E7826810854}"
EndProject
Project("{FAE04EC0-301F-11D3-BF4B-00C04F79EFBC}") = "GrananjeSwitch", "GrananjeSwitch\GrananjeSwitch.csproj", "{B47DD68C-9ACC-424A-8430-A899A052F899}"
EndProject
Project("{FAE04EC0-301F-11D3-BF4B-00C04F79EFBC}") = "OcjeneSwitch", "OcjeneSwitch\OcjeneSwitch.csproj", "{7BAF3901-5E28-461C-8358-DC38A511C39D}"
EndProject
Project("{FAE04EC0-301F-11D3-BF4B-00C04F79EFBC}") = "PetljaFOR", "PetljaFOR\PetljaFOR.csproj", "{1483B92A-5558-4554-9C15-D447D265A0F8}"
EndProject
Project("{FAE04EC0-301F-11D3-BF4B-00C04F79EFBC}") = "SumaPrvih100", "SumaPrvih100\SumaPrvih100.csproj", "{D26720DF-E0B5-407F-997D-46635451A432}"
EndProject
Project("{FAE04EC0-301F-11D3-BF4B-00C04F79EFBC}") = "ProsjekOcjena", "ProsjekOcjena\ProsjekOcjena.csproj", "{8F42A76A-040D-4A20-88EB-BE67025ABB6F}"
EndProject
Project("{FAE04EC0-301F-11D3-BF4B-00C04F79EFBC}") = "Prost", "Prost\Prost.csproj", "{C64DE55C-4F4C-4556-859B-8C022733BFB3}"
EndProject
Project("{FAE04EC0-301F-11D3-BF4B-00C04F79EFBC}") = "DjeljiviS3URasponu", "DjeljiviS3URasponu\DjeljiviS3URasponu.csproj", "{AB775094-2280-434C-808B-950E21EF780A}"
EndProject
Project("{FAE04EC0-301F-11D3-BF4B-00C04F79EFBC}") = "PetljaWHILE", "PetljaWHILE\PetljaWHILE.csproj", "{6AB34C3E-5309-4B34-B4A1-C6D834CBFEDB}"
EndProject
Project("{FAE04EC0-301F-11D3-BF4B-00C04F79EFBC}") = "ProsjekBrojeva", "ProsjekBrojeva\ProsjekBrojeva.csproj", "{AEA2922C-8FBA-4E83-8BA0-EB37762854D1}"
EndProject
Project("{FAE04EC0-301F-11D3-BF4B-00C04F79EFBC}") = "SumaZnamenki", "SumaZnamenki\SumaZnamenki.csproj", "{D45A09E7-FC63-48C9-8C76-8A806AAD713B}"
EndProject
Project("{FAE04EC0-301F-11D3-BF4B-00C04F79EFBC}") = "PetljaDOWHILE", "PetljaDOWHILE\PetljaDOWHILE.csproj", "{BF317303-DCE7-4E36-859F-53040F980EA8}"
EndProject
Project("{FAE04EC0-301F-11D3-BF4B-00C04F79EFBC}") = "ProsjekBrojeva2", "ProsjekBrojeva2\ProsjekBrojeva2.csproj", "{BB4E0E34-18E1-4A0B-936F-35C3B8907F3D}"
EndProject
Project("{FAE04EC0-301F-11D3-BF4B-00C04F79EFBC}") = "UgnjezdjivanjePetlji", "UgnjezdjivanjePetlji\UgnjezdjivanjePetlji.csproj", "{A0341184-04DA-49A0-A9A1-3A871F16E663}"
EndProject
Project("{FAE04EC0-301F-11D3-BF4B-00C04F79EFBC}") = "TisucuProstih", "TisucuProstih\TisucuProstih.csproj", "{1A05E3C5-12DD-4C86-8609-309A92E51C37}"
EndProject
Project("{FAE04EC0-301F-11D3-BF4B-00C04F79EFBC}") = "SumeZnamenkiBrojeva", "SumeZnamenkiBrojeva\SumeZnamenkiBrojeva.csproj", "{0F7B1176-18C5-40DA-8741-A9C201DF28CC}"
EndProject
Project("{FAE04EC0-301F-11D3-BF4B-00C04F79EFBC}") = "NajveceSumaZnamenki", "NajveceSumaZnamenki\NajveceSumaZnamenki.csproj", "{F8A7572B-FEE0-4E4A-9213-404E9AB79879}"
EndProject
Project("{FAE04EC0-301F-11D3-BF4B-00C04F79EFBC}") = "KontrolneNaredbe", "KontrolneNaredbe\KontrolneNaredbe.csproj", "{4B89CFD2-48D2-42E0-A86E-6B26EA2104E1}"
EndProject
Project("{FAE04EC0-301F-11D3-BF4B-00C04F79EFBC}") = "ProsjekOcjenaSKontrolom", "ProsjekOcjenaSKontrolom\ProsjekOcjenaSKontrolom.csproj", "{049C3EFE-BD7C-4AEC-92F1-E09C3D31A316}"
EndProject
Project("{FAE04EC0-301F-11D3-BF4B-00C04F79EFBC}") = "BezuvjetniSkok", "BezuvjetniSkok\BezuvjetniSkok.csproj", "{73B7423C-B4EB-466B-8C8A-8CD6E9012593}"
EndProject
Project("{FAE04EC0-301F-11D3-BF4B-00C04F79EFBC}") = "Polja", "Polja\Polja.csproj", "{06F41E1C-4C86-4561-BF0E-AA903D027577}"
EndProject
Project("{FAE04EC0-301F-11D3-BF4B-00C04F79EFBC}") = "Loto", "Loto\Loto.csproj", "{C38A38F2-7600-4BE2-A1F2-23FEBCA69578}"
EndProject
Project("{FAE04EC0-301F-11D3-BF4B-00C04F79EFBC}") = "NajvisePonavljanja", "NajvisePonavljanja\NajvisePonavljanja.csproj", "{938E3CD0-5096-4964-8685-BDF96A0B1480}"
EndProject
Project("{FAE04EC0-301F-11D3-BF4B-00C04F79EFBC}") = "Imena", "Imena\Imena.csproj", "{A87EE58A-5464-4898-A188-4EAA11DF63FE}"
EndProject
Project("{FAE04EC0-301F-11D3-BF4B-00C04F79EFBC}") = "ForeachPrimjer", "ForeachPrimjer\ForeachPrimjer.csproj", "{044086CA-939C-4097-BD8B-5813313CF918}"
EndProject
Project("{FAE04EC0-301F-11D3-BF4B-00C04F79EFBC}") = "Funkcije", "Funkcije\Funkcije.csproj", "{C062E4E0-948B-4F68-A511-6C0568C04C89}"
EndProject
Project("{FAE04EC0-301F-11D3-BF4B-00C04F79EFBC}") = "ProvjereBrojeva", "ProvjereBrojeva\ProvjereBrojeva.csproj", "{1EF780BF-E2B2-49B9-AA1F-EB6483FBFCE1}"
EndProject
Project("{FAE04EC0-301F-11D3-BF4B-00C04F79EFBC}") = "Preopterecivanje", "Preopterecivanje\Preopterecivanje.csproj", "{58817422-616C-48EF-8AA7-F72D884E46EE}"
EndProject
Project("{FAE04EC0-301F-11D3-BF4B-00C04F79EFBC}") = "PreopterecivanjeKrug", "PreopterecivanjeKrug\PreopterecivanjeKrug.csproj", "{A0EA76FA-45F4-4851-9EAC-A9B9A2FDE390}"
EndProject
Project("{FAE04EC0-301F-11D3-BF4B-00C04F79EFBC}") = "ProsljedjivanjeVrRef", "ProsljedjivanjeVrRef\ProsljedjivanjeVrRef.csproj", "{8FCBC347-8FBD-4BF5-88F0-2DB002A345D5}"
EndProject
Project("{FAE04EC0-301F-11D3-BF4B-00C04F79EFBC}") = "RefParametar", "RefParametar\RefParametar.csproj", "{D8A7C96F-C7A7-4908-BBFA-4C1F4AADB908}"
EndProject
Project("{FAE04EC0-301F-11D3-BF4B-00C04F79EFBC}") = "OutParametar", "OutParametar\OutParametar.csproj", "{B2B8ED48-FEC4-4CD1-BE80-708C0BC05CDA}"
EndProject
Project("{FAE04EC0-301F-11D3-BF4B-00C04F79EFBC}") = "PokusajUnosa", "PokusajUnosa\PokusajUnosa.csproj", "{77A07D24-8408-4B65-BF55-7CCF448027C6}"
EndProject
Project("{FAE04EC0-301F-11D3-BF4B-00C04F79EFBC}") = "RekurzivnaFunkcija", "RekurzivnaFunkcija\RekurzivnaFunkcija.csproj", "{84006B4F-8739-4A33-B258-A5BF30D9CA90}"
EndProject
Project("{FAE04EC0-301F-11D3-BF4B-00C04F79EFBC}") = "KlaseUvod", "KlaseUvod\KlaseUvod.csproj", "{779B08F6-BCFF-4F9E-A717-AF21B07147D3}"
EndProject
Project("{FAE04EC0-301F-11D3-BF4B-00C04F79EFBC}") = "Enkapsulacija", "Enkapsulacija\Enkapsulacija.csproj", "{04E9DD0D-7C53-4A38-879A-B4FAE95DC1E4}"
EndProject
Project("{FAE04EC0-301F-11D3-BF4B-00C04F79EFBC}") = "KlaseAutomobil", "KlaseAutomobil\KlaseAutomobil.csproj", "{3A1579E8-F6C7-4840-B52A-1DDBC9AA0071}"
EndProject
Global
	GlobalSection(SolutionConfigurationPlatforms) = preSolution
		Debug|Any CPU = Debug|Any CPU
		Release|Any CPU = Release|Any CPU
	EndGlobalSection
	GlobalSection(ProjectConfigurationPlatforms) = postSolution
		{FF9AF206-3D8C-4E04-8AAF-CCD5A695014A}.Debug|Any CPU.ActiveCfg = Debug|Any CPU
		{FF9AF206-3D8C-4E04-8AAF-CCD5A695014A}.Debug|Any CPU.Build.0 = Debug|Any CPU
		{FF9AF206-3D8C-4E04-8AAF-CCD5A695014A}.Release|Any CPU.ActiveCfg = Release|Any CPU
		{FF9AF206-3D8C-4E04-8AAF-CCD5A695014A}.Release|Any CPU.Build.0 = Release|Any CPU
		{22FFAB98-7855-4438-A216-2D4610B1F81F}.Debug|Any CPU.ActiveCfg = Debug|Any CPU
		{22FFAB98-7855-4438-A216-2D4610B1F81F}.Debug|Any CPU.Build.0 = Debug|Any CPU
		{22FFAB98-7855-4438-A216-2D4610B1F81F}.Release|Any CPU.ActiveCfg = Release|Any CPU
		{22FFAB98-7855-4438-A216-2D4610B1F81F}.Release|Any CPU.Build.0 = Release|Any CPU
		{9DAB5B02-45A6-4717-B593-DAF901010A9A}.Debug|Any CPU.ActiveCfg = Debug|Any CPU
		{9DAB5B02-45A6-4717-B593-DAF901010A9A}.Debug|Any CPU.Build.0 = Debug|Any CPU
		{9DAB5B02-45A6-4717-B593-DAF901010A9A}.Release|Any CPU.ActiveCfg = Release|Any CPU
		{9DAB5B02-45A6-4717-B593-DAF901010A9A}.Release|Any CPU.Build.0 = Release|Any CPU
		{7FACC60D-7015-439B-82DD-398253C6EBCC}.Debug|Any CPU.ActiveCfg = Debug|Any CPU
		{7FACC60D-7015-439B-82DD-398253C6EBCC}.Debug|Any CPU.Build.0 = Debug|Any CPU
		{7FACC60D-7015-439B-82DD-398253C6EBCC}.Release|Any CPU.ActiveCfg = Release|Any CPU
		{7FACC60D-7015-439B-82DD-398253C6EBCC}.Release|Any CPU.Build.0 = Release|Any CPU
		{33C878A9-31C0-49A7-BFF3-1380984C9272}.Debug|Any CPU.ActiveCfg = Debug|Any CPU
		{33C878A9-31C0-49A7-BFF3-1380984C9272}.Debug|Any CPU.Build.0 = Debug|Any CPU
		{33C878A9-31C0-49A7-BFF3-1380984C9272}.Release|Any CPU.ActiveCfg = Release|Any CPU
		{33C878A9-31C0-49A7-BFF3-1380984C9272}.Release|Any CPU.Build.0 = Release|Any CPU
		{F419890B-CCC3-41F0-9D70-477A7C86A8DC}.Debug|Any CPU.ActiveCfg = Debug|Any CPU
		{F419890B-CCC3-41F0-9D70-477A7C86A8DC}.Debug|Any CPU.Build.0 = Debug|Any CPU
		{F419890B-CCC3-41F0-9D70-477A7C86A8DC}.Release|Any CPU.ActiveCfg = Release|Any CPU
		{F419890B-CCC3-41F0-9D70-477A7C86A8DC}.Release|Any CPU.Build.0 = Release|Any CPU
		{82B4FD57-A245-4F74-B5E2-13DBF164B4AB}.Debug|Any CPU.ActiveCfg = Debug|Any CPU
		{82B4FD57-A245-4F74-B5E2-13DBF164B4AB}.Debug|Any CPU.Build.0 = Debug|Any CPU
		{82B4FD57-A245-4F74-B5E2-13DBF164B4AB}.Release|Any CPU.ActiveCfg = Release|Any CPU
		{82B4FD57-A245-4F74-B5E2-13DBF164B4AB}.Release|Any CPU.Build.0 = Release|Any CPU
		{34A1588D-4EA4-487C-A354-5ECFEE56E020}.Debug|Any CPU.ActiveCfg = Debug|Any CPU
		{34A1588D-4EA4-487C-A354-5ECFEE56E020}.Debug|Any CPU.Build.0 = Debug|Any CPU
		{34A1588D-4EA4-487C-A354-5ECFEE56E020}.Release|Any CPU.ActiveCfg = Release|Any CPU
		{34A1588D-4EA4-487C-A354-5ECFEE56E020}.Release|Any CPU.Build.0 = Release|Any CPU
		{76B133CF-2DC6-4160-805D-C75042D30408}.Debug|Any CPU.ActiveCfg = Debug|Any CPU
		{76B133CF-2DC6-4160-805D-C75042D30408}.Debug|Any CPU.Build.0 = Debug|Any CPU
		{76B133CF-2DC6-4160-805D-C75042D30408}.Release|Any CPU.ActiveCfg = Release|Any CPU
		{76B133CF-2DC6-4160-805D-C75042D30408}.Release|Any CPU.Build.0 = Release|Any CPU
		{4B52E452-DD3C-4DB0-A707-14FDD64A1808}.Debug|Any CPU.ActiveCfg = Debug|Any CPU
		{4B52E452-DD3C-4DB0-A707-14FDD64A1808}.Debug|Any CPU.Build.0 = Debug|Any CPU
		{4B52E452-DD3C-4DB0-A707-14FDD64A1808}.Release|Any CPU.ActiveCfg = Release|Any CPU
		{4B52E452-DD3C-4DB0-A707-14FDD64A1808}.Release|Any CPU.Build.0 = Release|Any CPU
		{BBEF29A7-3EB7-4BF6-849C-99096161B787}.Debug|Any CPU.ActiveCfg = Debug|Any CPU
		{BBEF29A7-3EB7-4BF6-849C-99096161B787}.Debug|Any CPU.Build.0 = Debug|Any CPU
		{BBEF29A7-3EB7-4BF6-849C-99096161B787}.Release|Any CPU.ActiveCfg = Release|Any CPU
		{BBEF29A7-3EB7-4BF6-849C-99096161B787}.Release|Any CPU.Build.0 = Release|Any CPU
		{EFB170E9-9414-422C-BBF6-0E7826810854}.Debug|Any CPU.ActiveCfg = Debug|Any CPU
		{EFB170E9-9414-422C-BBF6-0E7826810854}.Debug|Any CPU.Build.0 = Debug|Any CPU
		{EFB170E9-9414-422C-BBF6-0E7826810854}.Release|Any CPU.ActiveCfg = Release|Any CPU
		{EFB170E9-9414-422C-BBF6-0E7826810854}.Release|Any CPU.Build.0 = Release|Any CPU
		{B47DD68C-9ACC-424A-8430-A899A052F899}.Debug|Any CPU.ActiveCfg = Debug|Any CPU
		{B47DD68C-9ACC-424A-8430-A899A052F899}.Debug|Any CPU.Build.0 = Debug|Any CPU
		{B47DD68C-9ACC-424A-8430-A899A052F899}.Release|Any CPU.ActiveCfg = Release|Any CPU
		{B47DD68C-9ACC-424A-8430-A899A052F899}.Release|Any CPU.Build.0 = Release|Any CPU
		{7BAF3901-5E28-461C-8358-DC38A511C39D}.Debug|Any CPU.ActiveCfg = Debug|Any CPU
		{7BAF3901-5E28-461C-8358-DC38A511C39D}.Debug|Any CPU.Build.0 = Debug|Any CPU
		{7BAF3901-5E28-461C-8358-DC38A511C39D}.Release|Any CPU.ActiveCfg = Release|Any CPU
		{7BAF3901-5E28-461C-8358-DC38A511C39D}.Release|Any CPU.Build.0 = Release|Any CPU
		{1483B92A-5558-4554-9C15-D447D265A0F8}.Debug|Any CPU.ActiveCfg = Debug|Any CPU
		{1483B92A-5558-4554-9C15-D447D265A0F8}.Debug|Any CPU.Build.0 = Debug|Any CPU
		{1483B92A-5558-4554-9C15-D447D265A0F8}.Release|Any CPU.ActiveCfg = Release|Any CPU
		{1483B92A-5558-4554-9C15-D447D265A0F8}.Release|Any CPU.Build.0 = Release|Any CPU
		{D26720DF-E0B5-407F-997D-46635451A432}.Debug|Any CPU.ActiveCfg = Debug|Any CPU
		{D26720DF-E0B5-407F-997D-46635451A432}.Debug|Any CPU.Build.0 = Debug|Any CPU
		{D26720DF-E0B5-407F-997D-46635451A432}.Release|Any CPU.ActiveCfg = Release|Any CPU
		{D26720DF-E0B5-407F-997D-46635451A432}.Release|Any CPU.Build.0 = Release|Any CPU
		{8F42A76A-040D-4A20-88EB-BE67025ABB6F}.Debug|Any CPU.ActiveCfg = Debug|Any CPU
		{8F42A76A-040D-4A20-88EB-BE67025ABB6F}.Debug|Any CPU.Build.0 = Debug|Any CPU
		{8F42A76A-040D-4A20-88EB-BE67025ABB6F}.Release|Any CPU.ActiveCfg = Release|Any CPU
		{8F42A76A-040D-4A20-88EB-BE67025ABB6F}.Release|Any CPU.Build.0 = Release|Any CPU
		{C64DE55C-4F4C-4556-859B-8C022733BFB3}.Debug|Any CPU.ActiveCfg = Debug|Any CPU
		{C64DE55C-4F4C-4556-859B-8C022733BFB3}.Debug|Any CPU.Build.0 = Debug|Any CPU
		{C64DE55C-4F4C-4556-859B-8C022733BFB3}.Release|Any CPU.ActiveCfg = Release|Any CPU
		{C64DE55C-4F4C-4556-859B-8C022733BFB3}.Release|Any CPU.Build.0 = Release|Any CPU
		{AB775094-2280-434C-808B-950E21EF780A}.Debug|Any CPU.ActiveCfg = Debug|Any CPU
		{AB775094-2280-434C-808B-950E21EF780A}.Debug|Any CPU.Build.0 = Debug|Any CPU
		{AB775094-2280-434C-808B-950E21EF780A}.Release|Any CPU.ActiveCfg = Release|Any CPU
		{AB775094-2280-434C-808B-950E21EF780A}.Release|Any CPU.Build.0 = Release|Any CPU
		{6AB34C3E-5309-4B34-B4A1-C6D834CBFEDB}.Debug|Any CPU.ActiveCfg = Debug|Any CPU
		{6AB34C3E-5309-4B34-B4A1-C6D834CBFEDB}.Debug|Any CPU.Build.0 = Debug|Any CPU
		{6AB34C3E-5309-4B34-B4A1-C6D834CBFEDB}.Release|Any CPU.ActiveCfg = Release|Any CPU
		{6AB34C3E-5309-4B34-B4A1-C6D834CBFEDB}.Release|Any CPU.Build.0 = Release|Any CPU
		{AEA2922C-8FBA-4E83-8BA0-EB37762854D1}.Debug|Any CPU.ActiveCfg = Debug|Any CPU
		{AEA2922C-8FBA-4E83-8BA0-EB37762854D1}.Debug|Any CPU.Build.0 = Debug|Any CPU
		{AEA2922C-8FBA-4E83-8BA0-EB37762854D1}.Release|Any CPU.ActiveCfg = Release|Any CPU
		{AEA2922C-8FBA-4E83-8BA0-EB37762854D1}.Release|Any CPU.Build.0 = Release|Any CPU
		{D45A09E7-FC63-48C9-8C76-8A806AAD713B}.Debug|Any CPU.ActiveCfg = Debug|Any CPU
		{D45A09E7-FC63-48C9-8C76-8A806AAD713B}.Debug|Any CPU.Build.0 = Debug|Any CPU
		{D45A09E7-FC63-48C9-8C76-8A806AAD713B}.Release|Any CPU.ActiveCfg = Release|Any CPU
		{D45A09E7-FC63-48C9-8C76-8A806AAD713B}.Release|Any CPU.Build.0 = Release|Any CPU
		{BF317303-DCE7-4E36-859F-53040F980EA8}.Debug|Any CPU.ActiveCfg = Debug|Any CPU
		{BF317303-DCE7-4E36-859F-53040F980EA8}.Debug|Any CPU.Build.0 = Debug|Any CPU
		{BF317303-DCE7-4E36-859F-53040F980EA8}.Release|Any CPU.ActiveCfg = Release|Any CPU
		{BF317303-DCE7-4E36-859F-53040F980EA8}.Release|Any CPU.Build.0 = Release|Any CPU
		{BB4E0E34-18E1-4A0B-936F-35C3B8907F3D}.Debug|Any CPU.ActiveCfg = Debug|Any CPU
		{BB4E0E34-18E1-4A0B-936F-35C3B8907F3D}.Debug|Any CPU.Build.0 = Debug|Any CPU
		{BB4E0E34-18E1-4A0B-936F-35C3B8907F3D}.Release|Any CPU.ActiveCfg = Release|Any CPU
		{BB4E0E34-18E1-4A0B-936F-35C3B8907F3D}.Release|Any CPU.Build.0 = Release|Any CPU
		{A0341184-04DA-49A0-A9A1-3A871F16E663}.Debug|Any CPU.ActiveCfg = Debug|Any CPU
		{A0341184-04DA-49A0-A9A1-3A871F16E663}.Debug|Any CPU.Build.0 = Debug|Any CPU
		{A0341184-04DA-49A0-A9A1-3A871F16E663}.Release|Any CPU.ActiveCfg = Release|Any CPU
		{A0341184-04DA-49A0-A9A1-3A871F16E663}.Release|Any CPU.Build.0 = Release|Any CPU
		{1A05E3C5-12DD-4C86-8609-309A92E51C37}.Debug|Any CPU.ActiveCfg = Debug|Any CPU
		{1A05E3C5-12DD-4C86-8609-309A92E51C37}.Debug|Any CPU.Build.0 = Debug|Any CPU
		{1A05E3C5-12DD-4C86-8609-309A92E51C37}.Release|Any CPU.ActiveCfg = Release|Any CPU
		{1A05E3C5-12DD-4C86-8609-309A92E51C37}.Release|Any CPU.Build.0 = Release|Any CPU
		{0F7B1176-18C5-40DA-8741-A9C201DF28CC}.Debug|Any CPU.ActiveCfg = Debug|Any CPU
		{0F7B1176-18C5-40DA-8741-A9C201DF28CC}.Debug|Any CPU.Build.0 = Debug|Any CPU
		{0F7B1176-18C5-40DA-8741-A9C201DF28CC}.Release|Any CPU.ActiveCfg = Release|Any CPU
		{0F7B1176-18C5-40DA-8741-A9C201DF28CC}.Release|Any CPU.Build.0 = Release|Any CPU
		{F8A7572B-FEE0-4E4A-9213-404E9AB79879}.Debug|Any CPU.ActiveCfg = Debug|Any CPU
		{F8A7572B-FEE0-4E4A-9213-404E9AB79879}.Debug|Any CPU.Build.0 = Debug|Any CPU
		{F8A7572B-FEE0-4E4A-9213-404E9AB79879}.Release|Any CPU.ActiveCfg = Release|Any CPU
		{F8A7572B-FEE0-4E4A-9213-404E9AB79879}.Release|Any CPU.Build.0 = Release|Any CPU
		{4B89CFD2-48D2-42E0-A86E-6B26EA2104E1}.Debug|Any CPU.ActiveCfg = Debug|Any CPU
		{4B89CFD2-48D2-42E0-A86E-6B26EA2104E1}.Debug|Any CPU.Build.0 = Debug|Any CPU
		{4B89CFD2-48D2-42E0-A86E-6B26EA2104E1}.Release|Any CPU.ActiveCfg = Release|Any CPU
		{4B89CFD2-48D2-42E0-A86E-6B26EA2104E1}.Release|Any CPU.Build.0 = Release|Any CPU
		{049C3EFE-BD7C-4AEC-92F1-E09C3D31A316}.Debug|Any CPU.ActiveCfg = Debug|Any CPU
		{049C3EFE-BD7C-4AEC-92F1-E09C3D31A316}.Debug|Any CPU.Build.0 = Debug|Any CPU
		{049C3EFE-BD7C-4AEC-92F1-E09C3D31A316}.Release|Any CPU.ActiveCfg = Release|Any CPU
		{049C3EFE-BD7C-4AEC-92F1-E09C3D31A316}.Release|Any CPU.Build.0 = Release|Any CPU
		{73B7423C-B4EB-466B-8C8A-8CD6E9012593}.Debug|Any CPU.ActiveCfg = Debug|Any CPU
		{73B7423C-B4EB-466B-8C8A-8CD6E9012593}.Debug|Any CPU.Build.0 = Debug|Any CPU
		{73B7423C-B4EB-466B-8C8A-8CD6E9012593}.Release|Any CPU.ActiveCfg = Release|Any CPU
		{73B7423C-B4EB-466B-8C8A-8CD6E9012593}.Release|Any CPU.Build.0 = Release|Any CPU
		{06F41E1C-4C86-4561-BF0E-AA903D027577}.Debug|Any CPU.ActiveCfg = Debug|Any CPU
		{06F41E1C-4C86-4561-BF0E-AA903D027577}.Debug|Any CPU.Build.0 = Debug|Any CPU
		{06F41E1C-4C86-4561-BF0E-AA903D027577}.Release|Any CPU.ActiveCfg = Release|Any CPU
		{06F41E1C-4C86-4561-BF0E-AA903D027577}.Release|Any CPU.Build.0 = Release|Any CPU
		{C38A38F2-7600-4BE2-A1F2-23FEBCA69578}.Debug|Any CPU.ActiveCfg = Debug|Any CPU
		{C38A38F2-7600-4BE2-A1F2-23FEBCA69578}.Debug|Any CPU.Build.0 = Debug|Any CPU
		{C38A38F2-7600-4BE2-A1F2-23FEBCA69578}.Release|Any CPU.ActiveCfg = Release|Any CPU
		{C38A38F2-7600-4BE2-A1F2-23FEBCA69578}.Release|Any CPU.Build.0 = Release|Any CPU
		{938E3CD0-5096-4964-8685-BDF96A0B1480}.Debug|Any CPU.ActiveCfg = Debug|Any CPU
		{938E3CD0-5096-4964-8685-BDF96A0B1480}.Debug|Any CPU.Build.0 = Debug|Any CPU
		{938E3CD0-5096-4964-8685-BDF96A0B1480}.Release|Any CPU.ActiveCfg = Release|Any CPU
		{938E3CD0-5096-4964-8685-BDF96A0B1480}.Release|Any CPU.Build.0 = Release|Any CPU
		{A87EE58A-5464-4898-A188-4EAA11DF63FE}.Debug|Any CPU.ActiveCfg = Debug|Any CPU
		{A87EE58A-5464-4898-A188-4EAA11DF63FE}.Debug|Any CPU.Build.0 = Debug|Any CPU
		{A87EE58A-5464-4898-A188-4EAA11DF63FE}.Release|Any CPU.ActiveCfg = Release|Any CPU
		{A87EE58A-5464-4898-A188-4EAA11DF63FE}.Release|Any CPU.Build.0 = Release|Any CPU
		{044086CA-939C-4097-BD8B-5813313CF918}.Debug|Any CPU.ActiveCfg = Debug|Any CPU
		{044086CA-939C-4097-BD8B-5813313CF918}.Debug|Any CPU.Build.0 = Debug|Any CPU
		{044086CA-939C-4097-BD8B-5813313CF918}.Release|Any CPU.ActiveCfg = Release|Any CPU
		{044086CA-939C-4097-BD8B-5813313CF918}.Release|Any CPU.Build.0 = Release|Any CPU
		{C062E4E0-948B-4F68-A511-6C0568C04C89}.Debug|Any CPU.ActiveCfg = Debug|Any CPU
		{C062E4E0-948B-4F68-A511-6C0568C04C89}.Debug|Any CPU.Build.0 = Debug|Any CPU
		{C062E4E0-948B-4F68-A511-6C0568C04C89}.Release|Any CPU.ActiveCfg = Release|Any CPU
		{C062E4E0-948B-4F68-A511-6C0568C04C89}.Release|Any CPU.Build.0 = Release|Any CPU
		{1EF780BF-E2B2-49B9-AA1F-EB6483FBFCE1}.Debug|Any CPU.ActiveCfg = Debug|Any CPU
		{1EF780BF-E2B2-49B9-AA1F-EB6483FBFCE1}.Debug|Any CPU.Build.0 = Debug|Any CPU
		{1EF780BF-E2B2-49B9-AA1F-EB6483FBFCE1}.Release|Any CPU.ActiveCfg = Release|Any CPU
		{1EF780BF-E2B2-49B9-AA1F-EB6483FBFCE1}.Release|Any CPU.Build.0 = Release|Any CPU
		{58817422-616C-48EF-8AA7-F72D884E46EE}.Debug|Any CPU.ActiveCfg = Debug|Any CPU
		{58817422-616C-48EF-8AA7-F72D884E46EE}.Debug|Any CPU.Build.0 = Debug|Any CPU
		{58817422-616C-48EF-8AA7-F72D884E46EE}.Release|Any CPU.ActiveCfg = Release|Any CPU
		{58817422-616C-48EF-8AA7-F72D884E46EE}.Release|Any CPU.Build.0 = Release|Any CPU
		{A0EA76FA-45F4-4851-9EAC-A9B9A2FDE390}.Debug|Any CPU.ActiveCfg = Debug|Any CPU
		{A0EA76FA-45F4-4851-9EAC-A9B9A2FDE390}.Debug|Any CPU.Build.0 = Debug|Any CPU
		{A0EA76FA-45F4-4851-9EAC-A9B9A2FDE390}.Release|Any CPU.ActiveCfg = Release|Any CPU
		{A0EA76FA-45F4-4851-9EAC-A9B9A2FDE390}.Release|Any CPU.Build.0 = Release|Any CPU
		{8FCBC347-8FBD-4BF5-88F0-2DB002A345D5}.Debug|Any CPU.ActiveCfg = Debug|Any CPU
		{8FCBC347-8FBD-4BF5-88F0-2DB002A345D5}.Debug|Any CPU.Build.0 = Debug|Any CPU
		{8FCBC347-8FBD-4BF5-88F0-2DB002A345D5}.Release|Any CPU.ActiveCfg = Release|Any CPU
		{8FCBC347-8FBD-4BF5-88F0-2DB002A345D5}.Release|Any CPU.Build.0 = Release|Any CPU
		{D8A7C96F-C7A7-4908-BBFA-4C1F4AADB908}.Debug|Any CPU.ActiveCfg = Debug|Any CPU
		{D8A7C96F-C7A7-4908-BBFA-4C1F4AADB908}.Debug|Any CPU.Build.0 = Debug|Any CPU
		{D8A7C96F-C7A7-4908-BBFA-4C1F4AADB908}.Release|Any CPU.ActiveCfg = Release|Any CPU
		{D8A7C96F-C7A7-4908-BBFA-4C1F4AADB908}.Release|Any CPU.Build.0 = Release|Any CPU
		{B2B8ED48-FEC4-4CD1-BE80-708C0BC05CDA}.Debug|Any CPU.ActiveCfg = Debug|Any CPU
		{B2B8ED48-FEC4-4CD1-BE80-708C0BC05CDA}.Debug|Any CPU.Build.0 = Debug|Any CPU
		{B2B8ED48-FEC4-4CD1-BE80-708C0BC05CDA}.Release|Any CPU.ActiveCfg = Release|Any CPU
		{B2B8ED48-FEC4-4CD1-BE80-708C0BC05CDA}.Release|Any CPU.Build.0 = Release|Any CPU
		{77A07D24-8408-4B65-BF55-7CCF448027C6}.Debug|Any CPU.ActiveCfg = Debug|Any CPU
		{77A07D24-8408-4B65-BF55-7CCF448027C6}.Debug|Any CPU.Build.0 = Debug|Any CPU
		{77A07D24-8408-4B65-BF55-7CCF448027C6}.Release|Any CPU.ActiveCfg = Release|Any CPU
		{77A07D24-8408-4B65-BF55-7CCF448027C6}.Release|Any CPU.Build.0 = Release|Any CPU
		{84006B4F-8739-4A33-B258-A5BF30D9CA90}.Debug|Any CPU.ActiveCfg = Debug|Any CPU
		{84006B4F-8739-4A33-B258-A5BF30D9CA90}.Debug|Any CPU.Build.0 = Debug|Any CPU
		{84006B4F-8739-4A33-B258-A5BF30D9CA90}.Release|Any CPU.ActiveCfg = Release|Any CPU
		{84006B4F-8739-4A33-B258-A5BF30D9CA90}.Release|Any CPU.Build.0 = Release|Any CPU
		{779B08F6-BCFF-4F9E-A717-AF21B07147D3}.Debug|Any CPU.ActiveCfg = Debug|Any CPU
		{779B08F6-BCFF-4F9E-A717-AF21B07147D3}.Debug|Any CPU.Build.0 = Debug|Any CPU
		{779B08F6-BCFF-4F9E-A717-AF21B07147D3}.Release|Any CPU.ActiveCfg = Release|Any CPU
		{779B08F6-BCFF-4F9E-A717-AF21B07147D3}.Release|Any CPU.Build.0 = Release|Any CPU
		{04E9DD0D-7C53-4A38-879A-B4FAE95DC1E4}.Debug|Any CPU.ActiveCfg = Debug|Any CPU
		{04E9DD0D-7C53-4A38-879A-B4FAE95DC1E4}.Debug|Any CPU.Build.0 = Debug|Any CPU
		{04E9DD0D-7C53-4A38-879A-B4FAE95DC1E4}.Release|Any CPU.ActiveCfg = Release|Any CPU
		{04E9DD0D-7C53-4A38-879A-B4FAE95DC1E4}.Release|Any CPU.Build.0 = Release|Any CPU
		{3A1579E8-F6C7-4840-B52A-1DDBC9AA0071}.Debug|Any CPU.ActiveCfg = Debug|Any CPU
		{3A1579E8-F6C7-4840-B52A-1DDBC9AA0071}.Debug|Any CPU.Build.0 = Debug|Any CPU
		{3A1579E8-F6C7-4840-B52A-1DDBC9AA0071}.Release|Any CPU.ActiveCfg = Release|Any CPU
		{3A1579E8-F6C7-4840-B52A-1DDBC9AA0071}.Release|Any CPU.Build.0 = Release|Any CPU
	EndGlobalSection
	GlobalSection(SolutionProperties) = preSolution
		HideSolutionNode = FALSE
	EndGlobalSection
EndGlobal
